
Microsoft Visual Studio Solution File, Format Version 12.00
# Visual Studio Version 17
VisualStudioVersion = 17.6.33417.168
MinimumVisualStudioVersion = 10.0.40219.1
Project("{FAE04EC0-301F-11D3-BF4B-00C04F79EFBC}") = "KillStudent", "src\KillStudent.csproj", "{2B221588-E36A-4C79-8074-16F226A4A01F}"
EndProject
Global
	GlobalSection(SolutionConfigurationPlatforms) = preSolution
		Debug|Any CPU = Debug|Any CPU
		Release|Any CPU = Release|Any CPU
	EndGlobalSection
	GlobalSection(ProjectConfigurationPlatforms) = postSolution
		{2B221588-E36A-4C79-8074-16F226A4A01F}.Debug|Any CPU.ActiveCfg = Debug|Any CPU
		{2B221588-E36A-4C79-8074-16F226A4A01F}.Debug|Any CPU.Build.0 = Debug|Any CPU
		{2B221588-E36A-4C79-8074-16F226A4A01F}.Release|Any CPU.ActiveCfg = Release|Any CPU
		{2B221588-E36A-4C79-8074-16F226A4A01F}.Release|Any CPU.Build.0 = Release|Any CPU
	EndGlobalSection
	GlobalSection(SolutionProperties) = preSolution
		HideSolutionNode = FALSE
	EndGlobalSection
	GlobalSection(ExtensibilityGlobals) = postSolution
		SolutionGuid = {BCA70606-72B0-477F-865A-31A7F6EA87D0}
	EndGlobalSection
EndGlobal
